// !$*UTF8*$!
{
	archiveVersion = 1;
	classes = {
	};
	objectVersion = 55;
	objects = {

/* Begin PBXBuildFile section */
		DE11E8E528A12358006E2775 /* LoginRouter.swift in Sources */ = {isa = PBXBuildFile; fileRef = DE11E8E128A12358006E2775 /* LoginRouter.swift */; };
		DE11E8E628A12358006E2775 /* LoginViewController.swift in Sources */ = {isa = PBXBuildFile; fileRef = DE11E8E228A12358006E2775 /* LoginViewController.swift */; };
		DE11E8E728A12358006E2775 /* LoginBuilder.swift in Sources */ = {isa = PBXBuildFile; fileRef = DE11E8E328A12358006E2775 /* LoginBuilder.swift */; };
		DE11E8E828A12358006E2775 /* LoginInteractor.swift in Sources */ = {isa = PBXBuildFile; fileRef = DE11E8E428A12358006E2775 /* LoginInteractor.swift */; };
		DE11E8EB28A1258F006E2775 /* WebServicing.swift in Sources */ = {isa = PBXBuildFile; fileRef = DE11E8EA28A1258F006E2775 /* WebServicing.swift */; };
		DE11E8F128A12F24006E2775 /* CreateAccountRouter.swift in Sources */ = {isa = PBXBuildFile; fileRef = DE11E8ED28A12F24006E2775 /* CreateAccountRouter.swift */; };
		DE11E8F228A12F24006E2775 /* CreateAccountViewController.swift in Sources */ = {isa = PBXBuildFile; fileRef = DE11E8EE28A12F24006E2775 /* CreateAccountViewController.swift */; };
		DE11E8F328A12F24006E2775 /* CreateAccountBuilder.swift in Sources */ = {isa = PBXBuildFile; fileRef = DE11E8EF28A12F24006E2775 /* CreateAccountBuilder.swift */; };
		DE11E8F428A12F24006E2775 /* CreateAccountInteractor.swift in Sources */ = {isa = PBXBuildFile; fileRef = DE11E8F028A12F24006E2775 /* CreateAccountInteractor.swift */; };
		DE11E8F928A1367F006E2775 /* RootRouter.swift in Sources */ = {isa = PBXBuildFile; fileRef = DE11E8F528A1367F006E2775 /* RootRouter.swift */; };
		DE11E8FA28A1367F006E2775 /* RootViewController.swift in Sources */ = {isa = PBXBuildFile; fileRef = DE11E8F628A1367F006E2775 /* RootViewController.swift */; };
		DE11E8FB28A1367F006E2775 /* RootBuilder.swift in Sources */ = {isa = PBXBuildFile; fileRef = DE11E8F728A1367F006E2775 /* RootBuilder.swift */; };
		DE11E8FC28A1367F006E2775 /* RootInteractor.swift in Sources */ = {isa = PBXBuildFile; fileRef = DE11E8F828A1367F006E2775 /* RootInteractor.swift */; };
		DE11E8FE28A13879006E2775 /* WebService.swift in Sources */ = {isa = PBXBuildFile; fileRef = DE11E8FD28A13879006E2775 /* WebService.swift */; };
		DE11E90728A26547006E2775 /* MainRouter.swift in Sources */ = {isa = PBXBuildFile; fileRef = DE11E90328A26547006E2775 /* MainRouter.swift */; };
		DE11E90828A26547006E2775 /* MainViewController.swift in Sources */ = {isa = PBXBuildFile; fileRef = DE11E90428A26547006E2775 /* MainViewController.swift */; };
		DE11E90928A26547006E2775 /* MainBuilder.swift in Sources */ = {isa = PBXBuildFile; fileRef = DE11E90528A26547006E2775 /* MainBuilder.swift */; };
		DE11E90A28A26547006E2775 /* MainInteractor.swift in Sources */ = {isa = PBXBuildFile; fileRef = DE11E90628A26547006E2775 /* MainInteractor.swift */; };
		DE11E90C28A28A78006E2775 /* MainItem.swift in Sources */ = {isa = PBXBuildFile; fileRef = DE11E90B28A28A78006E2775 /* MainItem.swift */; };
		DE11E90E28A28B33006E2775 /* MainTableViewCell.swift in Sources */ = {isa = PBXBuildFile; fileRef = DE11E90D28A28B33006E2775 /* MainTableViewCell.swift */; };
		DE11E91428A2986E006E2775 /* InfoRouter.swift in Sources */ = {isa = PBXBuildFile; fileRef = DE11E91028A2986E006E2775 /* InfoRouter.swift */; };
		DE11E91528A2986E006E2775 /* InfoViewController.swift in Sources */ = {isa = PBXBuildFile; fileRef = DE11E91128A2986E006E2775 /* InfoViewController.swift */; };
		DE11E91628A2986E006E2775 /* InfoBuilder.swift in Sources */ = {isa = PBXBuildFile; fileRef = DE11E91228A2986E006E2775 /* InfoBuilder.swift */; };
		DE11E91728A2986E006E2775 /* InfoInteractor.swift in Sources */ = {isa = PBXBuildFile; fileRef = DE11E91328A2986E006E2775 /* InfoInteractor.swift */; };
		DE11E91928A38F9E006E2775 /* URLHandler.swift in Sources */ = {isa = PBXBuildFile; fileRef = DE11E91828A38F9E006E2775 /* URLHandler.swift */; };
		DE11E91D28A392DC006E2775 /* OpenInfoWorkflow.swift in Sources */ = {isa = PBXBuildFile; fileRef = DE11E91C28A392DB006E2775 /* OpenInfoWorkflow.swift */; };
		DE11E92528A63D25006E2775 /* RIBsTestTests.swift in Sources */ = {isa = PBXBuildFile; fileRef = DE11E92428A63D25006E2775 /* RIBsTestTests.swift */; };
		DE11E92D28A63D7B006E2775 /* MockWebService.swift in Sources */ = {isa = PBXBuildFile; fileRef = DE11E92C28A63D7A006E2775 /* MockWebService.swift */; };
		DE11E93028A63E69006E2775 /* LoginPresentableMock.swift in Sources */ = {isa = PBXBuildFile; fileRef = DE11E92F28A63E69006E2775 /* LoginPresentableMock.swift */; };
		DE11E93228A63FEB006E2775 /* LoginRoutingMock.swift in Sources */ = {isa = PBXBuildFile; fileRef = DE11E93128A63FEB006E2775 /* LoginRoutingMock.swift */; };
		DE11E93428A642E6006E2775 /* LoginListenerMock.swift in Sources */ = {isa = PBXBuildFile; fileRef = DE11E93328A642E6006E2775 /* LoginListenerMock.swift */; };
		DEA6CA9028A1173F00478218 /* AppDelegate.swift in Sources */ = {isa = PBXBuildFile; fileRef = DEA6CA8F28A1173F00478218 /* AppDelegate.swift */; };
		DEA6CA9728A1173F00478218 /* Main.storyboard in Resources */ = {isa = PBXBuildFile; fileRef = DEA6CA9528A1173F00478218 /* Main.storyboard */; };
		DEA6CA9928A1174200478218 /* Assets.xcassets in Resources */ = {isa = PBXBuildFile; fileRef = DEA6CA9828A1174200478218 /* Assets.xcassets */; };
		DEA6CA9C28A1174200478218 /* LaunchScreen.storyboard in Resources */ = {isa = PBXBuildFile; fileRef = DEA6CA9A28A1174200478218 /* LaunchScreen.storyboard */; };
		EB7C55B3E5E500F2F9B21DAB /* Pods_RIBsTest.framework in Frameworks */ = {isa = PBXBuildFile; fileRef = 15EB9209FD5C9FBFCDCC1338 /* Pods_RIBsTest.framework */; };
/* End PBXBuildFile section */

/* Begin PBXContainerItemProxy section */
		DE11E92628A63D25006E2775 /* PBXContainerItemProxy */ = {
			isa = PBXContainerItemProxy;
			containerPortal = DEA6CA8428A1173F00478218 /* Project object */;
			proxyType = 1;
			remoteGlobalIDString = DEA6CA8B28A1173F00478218;
			remoteInfo = RIBsTest;
		};
/* End PBXContainerItemProxy section */

/* Begin PBXFileReference section */
		0D1371A878D75921A339DF10 /* Pods-RIBsTest.debug.xcconfig */ = {isa = PBXFileReference; includeInIndex = 1; lastKnownFileType = text.xcconfig; name = "Pods-RIBsTest.debug.xcconfig"; path = "Target Support Files/Pods-RIBsTest/Pods-RIBsTest.debug.xcconfig"; sourceTree = "<group>"; };
		15EB9209FD5C9FBFCDCC1338 /* Pods_RIBsTest.framework */ = {isa = PBXFileReference; explicitFileType = wrapper.framework; includeInIndex = 0; path = Pods_RIBsTest.framework; sourceTree = BUILT_PRODUCTS_DIR; };
		186A5A33C5EA5FFE53F61595 /* Pods-RIBsTest.release.xcconfig */ = {isa = PBXFileReference; includeInIndex = 1; lastKnownFileType = text.xcconfig; name = "Pods-RIBsTest.release.xcconfig"; path = "Target Support Files/Pods-RIBsTest/Pods-RIBsTest.release.xcconfig"; sourceTree = "<group>"; };
		DE11E8E128A12358006E2775 /* LoginRouter.swift */ = {isa = PBXFileReference; lastKnownFileType = sourcecode.swift; path = LoginRouter.swift; sourceTree = "<group>"; };
		DE11E8E228A12358006E2775 /* LoginViewController.swift */ = {isa = PBXFileReference; lastKnownFileType = sourcecode.swift; path = LoginViewController.swift; sourceTree = "<group>"; };
		DE11E8E328A12358006E2775 /* LoginBuilder.swift */ = {isa = PBXFileReference; lastKnownFileType = sourcecode.swift; path = LoginBuilder.swift; sourceTree = "<group>"; };
		DE11E8E428A12358006E2775 /* LoginInteractor.swift */ = {isa = PBXFileReference; lastKnownFileType = sourcecode.swift; path = LoginInteractor.swift; sourceTree = "<group>"; };
		DE11E8EA28A1258F006E2775 /* WebServicing.swift */ = {isa = PBXFileReference; lastKnownFileType = sourcecode.swift; path = WebServicing.swift; sourceTree = "<group>"; };
		DE11E8ED28A12F24006E2775 /* CreateAccountRouter.swift */ = {isa = PBXFileReference; lastKnownFileType = sourcecode.swift; path = CreateAccountRouter.swift; sourceTree = "<group>"; };
		DE11E8EE28A12F24006E2775 /* CreateAccountViewController.swift */ = {isa = PBXFileReference; lastKnownFileType = sourcecode.swift; path = CreateAccountViewController.swift; sourceTree = "<group>"; };
		DE11E8EF28A12F24006E2775 /* CreateAccountBuilder.swift */ = {isa = PBXFileReference; lastKnownFileType = sourcecode.swift; path = CreateAccountBuilder.swift; sourceTree = "<group>"; };
		DE11E8F028A12F24006E2775 /* CreateAccountInteractor.swift */ = {isa = PBXFileReference; lastKnownFileType = sourcecode.swift; path = CreateAccountInteractor.swift; sourceTree = "<group>"; };
		DE11E8F528A1367F006E2775 /* RootRouter.swift */ = {isa = PBXFileReference; lastKnownFileType = sourcecode.swift; path = RootRouter.swift; sourceTree = "<group>"; };
		DE11E8F628A1367F006E2775 /* RootViewController.swift */ = {isa = PBXFileReference; lastKnownFileType = sourcecode.swift; path = RootViewController.swift; sourceTree = "<group>"; };
		DE11E8F728A1367F006E2775 /* RootBuilder.swift */ = {isa = PBXFileReference; lastKnownFileType = sourcecode.swift; path = RootBuilder.swift; sourceTree = "<group>"; };
		DE11E8F828A1367F006E2775 /* RootInteractor.swift */ = {isa = PBXFileReference; lastKnownFileType = sourcecode.swift; path = RootInteractor.swift; sourceTree = "<group>"; };
		DE11E8FD28A13879006E2775 /* WebService.swift */ = {isa = PBXFileReference; lastKnownFileType = sourcecode.swift; path = WebService.swift; sourceTree = "<group>"; };
		DE11E90328A26547006E2775 /* MainRouter.swift */ = {isa = PBXFileReference; lastKnownFileType = sourcecode.swift; path = MainRouter.swift; sourceTree = "<group>"; };
		DE11E90428A26547006E2775 /* MainViewController.swift */ = {isa = PBXFileReference; lastKnownFileType = sourcecode.swift; path = MainViewController.swift; sourceTree = "<group>"; };
		DE11E90528A26547006E2775 /* MainBuilder.swift */ = {isa = PBXFileReference; lastKnownFileType = sourcecode.swift; path = MainBuilder.swift; sourceTree = "<group>"; };
		DE11E90628A26547006E2775 /* MainInteractor.swift */ = {isa = PBXFileReference; lastKnownFileType = sourcecode.swift; path = MainInteractor.swift; sourceTree = "<group>"; };
		DE11E90B28A28A78006E2775 /* MainItem.swift */ = {isa = PBXFileReference; lastKnownFileType = sourcecode.swift; path = MainItem.swift; sourceTree = "<group>"; };
		DE11E90D28A28B33006E2775 /* MainTableViewCell.swift */ = {isa = PBXFileReference; lastKnownFileType = sourcecode.swift; path = MainTableViewCell.swift; sourceTree = "<group>"; };
		DE11E91028A2986E006E2775 /* InfoRouter.swift */ = {isa = PBXFileReference; lastKnownFileType = sourcecode.swift; path = InfoRouter.swift; sourceTree = "<group>"; };
		DE11E91128A2986E006E2775 /* InfoViewController.swift */ = {isa = PBXFileReference; lastKnownFileType = sourcecode.swift; path = InfoViewController.swift; sourceTree = "<group>"; };
		DE11E91228A2986E006E2775 /* InfoBuilder.swift */ = {isa = PBXFileReference; lastKnownFileType = sourcecode.swift; path = InfoBuilder.swift; sourceTree = "<group>"; };
		DE11E91328A2986E006E2775 /* InfoInteractor.swift */ = {isa = PBXFileReference; lastKnownFileType = sourcecode.swift; path = InfoInteractor.swift; sourceTree = "<group>"; };
		DE11E91828A38F9E006E2775 /* URLHandler.swift */ = {isa = PBXFileReference; lastKnownFileType = sourcecode.swift; path = URLHandler.swift; sourceTree = "<group>"; };
		DE11E91C28A392DB006E2775 /* OpenInfoWorkflow.swift */ = {isa = PBXFileReference; lastKnownFileType = sourcecode.swift; path = OpenInfoWorkflow.swift; sourceTree = "<group>"; };
		DE11E92228A63D25006E2775 /* RIBsTestTests.xctest */ = {isa = PBXFileReference; explicitFileType = wrapper.cfbundle; includeInIndex = 0; path = RIBsTestTests.xctest; sourceTree = BUILT_PRODUCTS_DIR; };
		DE11E92428A63D25006E2775 /* RIBsTestTests.swift */ = {isa = PBXFileReference; lastKnownFileType = sourcecode.swift; path = RIBsTestTests.swift; sourceTree = "<group>"; };
		DE11E92C28A63D7A006E2775 /* MockWebService.swift */ = {isa = PBXFileReference; lastKnownFileType = sourcecode.swift; path = MockWebService.swift; sourceTree = "<group>"; };
		DE11E92F28A63E69006E2775 /* LoginPresentableMock.swift */ = {isa = PBXFileReference; lastKnownFileType = sourcecode.swift; path = LoginPresentableMock.swift; sourceTree = "<group>"; };
		DE11E93128A63FEB006E2775 /* LoginRoutingMock.swift */ = {isa = PBXFileReference; lastKnownFileType = sourcecode.swift; path = LoginRoutingMock.swift; sourceTree = "<group>"; };
		DE11E93328A642E6006E2775 /* LoginListenerMock.swift */ = {isa = PBXFileReference; lastKnownFileType = sourcecode.swift; path = LoginListenerMock.swift; sourceTree = "<group>"; };
		DEA6CA8C28A1173F00478218 /* RIBsTest.app */ = {isa = PBXFileReference; explicitFileType = wrapper.application; includeInIndex = 0; path = RIBsTest.app; sourceTree = BUILT_PRODUCTS_DIR; };
		DEA6CA8F28A1173F00478218 /* AppDelegate.swift */ = {isa = PBXFileReference; lastKnownFileType = sourcecode.swift; path = AppDelegate.swift; sourceTree = "<group>"; };
		DEA6CA9628A1173F00478218 /* Base */ = {isa = PBXFileReference; lastKnownFileType = file.storyboard; name = Base; path = Base.lproj/Main.storyboard; sourceTree = "<group>"; };
		DEA6CA9828A1174200478218 /* Assets.xcassets */ = {isa = PBXFileReference; lastKnownFileType = folder.assetcatalog; path = Assets.xcassets; sourceTree = "<group>"; };
		DEA6CA9B28A1174200478218 /* Base */ = {isa = PBXFileReference; lastKnownFileType = file.storyboard; name = Base; path = Base.lproj/LaunchScreen.storyboard; sourceTree = "<group>"; };
		DEA6CA9D28A1174200478218 /* Info.plist */ = {isa = PBXFileReference; lastKnownFileType = text.plist.xml; path = Info.plist; sourceTree = "<group>"; };
/* End PBXFileReference section */

/* Begin PBXFrameworksBuildPhase section */
		DE11E91F28A63D25006E2775 /* Frameworks */ = {
			isa = PBXFrameworksBuildPhase;
			buildActionMask = 2147483647;
			files = (
			);
			runOnlyForDeploymentPostprocessing = 0;
		};
		DEA6CA8928A1173F00478218 /* Frameworks */ = {
			isa = PBXFrameworksBuildPhase;
			buildActionMask = 2147483647;
			files = (
				EB7C55B3E5E500F2F9B21DAB /* Pods_RIBsTest.framework in Frameworks */,
			);
			runOnlyForDeploymentPostprocessing = 0;
		};
/* End PBXFrameworksBuildPhase section */

/* Begin PBXGroup section */
		13AD2117054B84D7C53F42AC /* Frameworks */ = {
			isa = PBXGroup;
			children = (
				15EB9209FD5C9FBFCDCC1338 /* Pods_RIBsTest.framework */,
			);
			name = Frameworks;
			sourceTree = "<group>";
		};
		87E0DF9B9B8D1795448B41E5 /* Pods */ = {
			isa = PBXGroup;
			children = (
				0D1371A878D75921A339DF10 /* Pods-RIBsTest.debug.xcconfig */,
				186A5A33C5EA5FFE53F61595 /* Pods-RIBsTest.release.xcconfig */,
			);
			path = Pods;
			sourceTree = "<group>";
		};
		DE11E8E928A12365006E2775 /* Login */ = {
			isa = PBXGroup;
			children = (
				DE11E92E28A63E56006E2775 /* Mock */,
				DE11E8E128A12358006E2775 /* LoginRouter.swift */,
				DE11E8E228A12358006E2775 /* LoginViewController.swift */,
				DE11E8E328A12358006E2775 /* LoginBuilder.swift */,
				DE11E8E428A12358006E2775 /* LoginInteractor.swift */,
			);
			path = Login;
			sourceTree = "<group>";
		};
		DE11E8EC28A12F06006E2775 /* CreateAccount */ = {
			isa = PBXGroup;
			children = (
				DE11E8ED28A12F24006E2775 /* CreateAccountRouter.swift */,
				DE11E8EE28A12F24006E2775 /* CreateAccountViewController.swift */,
				DE11E8EF28A12F24006E2775 /* CreateAccountBuilder.swift */,
				DE11E8F028A12F24006E2775 /* CreateAccountInteractor.swift */,
			);
			path = CreateAccount;
			sourceTree = "<group>";
		};
		DE11E8FF28A23E5E006E2775 /* Services */ = {
			isa = PBXGroup;
			children = (
				DE11E90028A23E66006E2775 /* Web */,
				DE11E91828A38F9E006E2775 /* URLHandler.swift */,
			);
			path = Services;
			sourceTree = "<group>";
		};
		DE11E90028A23E66006E2775 /* Web */ = {
			isa = PBXGroup;
			children = (
				DE11E8EA28A1258F006E2775 /* WebServicing.swift */,
				DE11E8FD28A13879006E2775 /* WebService.swift */,
				DE11E92C28A63D7A006E2775 /* MockWebService.swift */,
			);
			path = Web;
			sourceTree = "<group>";
		};
		DE11E90228A26529006E2775 /* Main */ = {
			isa = PBXGroup;
			children = (
				DE11E90328A26547006E2775 /* MainRouter.swift */,
				DE11E90428A26547006E2775 /* MainViewController.swift */,
				DE11E90528A26547006E2775 /* MainBuilder.swift */,
				DE11E90628A26547006E2775 /* MainInteractor.swift */,
				DE11E90B28A28A78006E2775 /* MainItem.swift */,
				DE11E90D28A28B33006E2775 /* MainTableViewCell.swift */,
			);
			path = Main;
			sourceTree = "<group>";
		};
		DE11E90F28A2985C006E2775 /* Info */ = {
			isa = PBXGroup;
			children = (
				DE11E91028A2986E006E2775 /* InfoRouter.swift */,
				DE11E91128A2986E006E2775 /* InfoViewController.swift */,
				DE11E91228A2986E006E2775 /* InfoBuilder.swift */,
				DE11E91328A2986E006E2775 /* InfoInteractor.swift */,
			);
			path = Info;
			sourceTree = "<group>";
		};
		DE11E91A28A3929E006E2775 /* Workflows */ = {
			isa = PBXGroup;
			children = (
				DE11E91B28A392BB006E2775 /* OpenInfoWorkflow */,
			);
			path = Workflows;
			sourceTree = "<group>";
		};
		DE11E91B28A392BB006E2775 /* OpenInfoWorkflow */ = {
			isa = PBXGroup;
			children = (
				DE11E91C28A392DB006E2775 /* OpenInfoWorkflow.swift */,
			);
			path = OpenInfoWorkflow;
			sourceTree = "<group>";
		};
		DE11E92328A63D25006E2775 /* RIBsTestTests */ = {
			isa = PBXGroup;
			children = (
				DE11E92428A63D25006E2775 /* RIBsTestTests.swift */,
			);
			path = RIBsTestTests;
			sourceTree = "<group>";
		};
		DE11E92E28A63E56006E2775 /* Mock */ = {
			isa = PBXGroup;
			children = (
				DE11E92F28A63E69006E2775 /* LoginPresentableMock.swift */,
				DE11E93128A63FEB006E2775 /* LoginRoutingMock.swift */,
				DE11E93328A642E6006E2775 /* LoginListenerMock.swift */,
			);
			path = Mock;
			sourceTree = "<group>";
		};
		DEA6CA8328A1173F00478218 = {
			isa = PBXGroup;
			children = (
				DEA6CA8E28A1173F00478218 /* RIBsTest */,
				DE11E92328A63D25006E2775 /* RIBsTestTests */,
				DEA6CA8D28A1173F00478218 /* Products */,
				87E0DF9B9B8D1795448B41E5 /* Pods */,
				13AD2117054B84D7C53F42AC /* Frameworks */,
			);
			sourceTree = "<group>";
		};
		DEA6CA8D28A1173F00478218 /* Products */ = {
			isa = PBXGroup;
			children = (
				DEA6CA8C28A1173F00478218 /* RIBsTest.app */,
				DE11E92228A63D25006E2775 /* RIBsTestTests.xctest */,
			);
			name = Products;
			sourceTree = "<group>";
		};
		DEA6CA8E28A1173F00478218 /* RIBsTest */ = {
			isa = PBXGroup;
			children = (
				DEA6CA8F28A1173F00478218 /* AppDelegate.swift */,
				DEA6CA9528A1173F00478218 /* Main.storyboard */,
				DE11E8FF28A23E5E006E2775 /* Services */,
				DE11E91A28A3929E006E2775 /* Workflows */,
				DEA6CAA528A118DA00478218 /* RIBs */,
				DEA6CA9828A1174200478218 /* Assets.xcassets */,
				DEA6CA9A28A1174200478218 /* LaunchScreen.storyboard */,
				DEA6CA9D28A1174200478218 /* Info.plist */,
			);
			path = RIBsTest;
			sourceTree = "<group>";
		};
		DEA6CAA528A118DA00478218 /* RIBs */ = {
			isa = PBXGroup;
			children = (
				DEA6CAA928A11BF500478218 /* Root */,
				DE11E8E928A12365006E2775 /* Login */,
				DE11E8EC28A12F06006E2775 /* CreateAccount */,
				DE11E90228A26529006E2775 /* Main */,
				DE11E90F28A2985C006E2775 /* Info */,
			);
			path = RIBs;
			sourceTree = "<group>";
		};
		DEA6CAA928A11BF500478218 /* Root */ = {
			isa = PBXGroup;
			children = (
				DE11E8F528A1367F006E2775 /* RootRouter.swift */,
				DE11E8F628A1367F006E2775 /* RootViewController.swift */,
				DE11E8F728A1367F006E2775 /* RootBuilder.swift */,
				DE11E8F828A1367F006E2775 /* RootInteractor.swift */,
			);
			path = Root;
			sourceTree = "<group>";
		};
/* End PBXGroup section */

/* Begin PBXNativeTarget section */
		DE11E92128A63D25006E2775 /* RIBsTestTests */ = {
			isa = PBXNativeTarget;
			buildConfigurationList = DE11E92A28A63D25006E2775 /* Build configuration list for PBXNativeTarget "RIBsTestTests" */;
			buildPhases = (
				DE11E91E28A63D25006E2775 /* Sources */,
				DE11E91F28A63D25006E2775 /* Frameworks */,
				DE11E92028A63D25006E2775 /* Resources */,
			);
			buildRules = (
			);
			dependencies = (
				DE11E92728A63D25006E2775 /* PBXTargetDependency */,
			);
			name = RIBsTestTests;
			productName = RIBsTestTests;
			productReference = DE11E92228A63D25006E2775 /* RIBsTestTests.xctest */;
			productType = "com.apple.product-type.bundle.unit-test";
		};
		DEA6CA8B28A1173F00478218 /* RIBsTest */ = {
			isa = PBXNativeTarget;
			buildConfigurationList = DEA6CAA028A1174200478218 /* Build configuration list for PBXNativeTarget "RIBsTest" */;
			buildPhases = (
				C127EDBE65EDF8ACF73C8009 /* [CP] Check Pods Manifest.lock */,
				DEA6CA8828A1173F00478218 /* Sources */,
				DEA6CA8928A1173F00478218 /* Frameworks */,
				DEA6CA8A28A1173F00478218 /* Resources */,
				EB5B6098D6E8FEA8249EAC12 /* [CP] Embed Pods Frameworks */,
			);
			buildRules = (
			);
			dependencies = (
			);
			name = RIBsTest;
			productName = RIBsTest;
			productReference = DEA6CA8C28A1173F00478218 /* RIBsTest.app */;
			productType = "com.apple.product-type.application";
		};
/* End PBXNativeTarget section */

/* Begin PBXProject section */
		DEA6CA8428A1173F00478218 /* Project object */ = {
			isa = PBXProject;
			attributes = {
				BuildIndependentTargetsInParallel = 1;
				LastSwiftUpdateCheck = 1340;
				LastUpgradeCheck = 1340;
				TargetAttributes = {
					DE11E92128A63D25006E2775 = {
						CreatedOnToolsVersion = 13.4.1;
						TestTargetID = DEA6CA8B28A1173F00478218;
					};
					DEA6CA8B28A1173F00478218 = {
						CreatedOnToolsVersion = 13.4.1;
					};
				};
			};
			buildConfigurationList = DEA6CA8728A1173F00478218 /* Build configuration list for PBXProject "RIBsTest" */;
			compatibilityVersion = "Xcode 13.0";
			developmentRegion = en;
			hasScannedForEncodings = 0;
			knownRegions = (
				en,
				Base,
			);
			mainGroup = DEA6CA8328A1173F00478218;
			productRefGroup = DEA6CA8D28A1173F00478218 /* Products */;
			projectDirPath = "";
			projectRoot = "";
			targets = (
				DEA6CA8B28A1173F00478218 /* RIBsTest */,
				DE11E92128A63D25006E2775 /* RIBsTestTests */,
			);
		};
/* End PBXProject section */

/* Begin PBXResourcesBuildPhase section */
		DE11E92028A63D25006E2775 /* Resources */ = {
			isa = PBXResourcesBuildPhase;
			buildActionMask = 2147483647;
			files = (
			);
			runOnlyForDeploymentPostprocessing = 0;
		};
		DEA6CA8A28A1173F00478218 /* Resources */ = {
			isa = PBXResourcesBuildPhase;
			buildActionMask = 2147483647;
			files = (
				DEA6CA9C28A1174200478218 /* LaunchScreen.storyboard in Resources */,
				DEA6CA9928A1174200478218 /* Assets.xcassets in Resources */,
				DEA6CA9728A1173F00478218 /* Main.storyboard in Resources */,
			);
			runOnlyForDeploymentPostprocessing = 0;
		};
/* End PBXResourcesBuildPhase section */

/* Begin PBXShellScriptBuildPhase section */
		C127EDBE65EDF8ACF73C8009 /* [CP] Check Pods Manifest.lock */ = {
			isa = PBXShellScriptBuildPhase;
			buildActionMask = 2147483647;
			files = (
			);
			inputFileListPaths = (
			);
			inputPaths = (
				"${PODS_PODFILE_DIR_PATH}/Podfile.lock",
				"${PODS_ROOT}/Manifest.lock",
			);
			name = "[CP] Check Pods Manifest.lock";
			outputFileListPaths = (
			);
			outputPaths = (
				"$(DERIVED_FILE_DIR)/Pods-RIBsTest-checkManifestLockResult.txt",
			);
			runOnlyForDeploymentPostprocessing = 0;
			shellPath = /bin/sh;
			shellScript = "diff \"${PODS_PODFILE_DIR_PATH}/Podfile.lock\" \"${PODS_ROOT}/Manifest.lock\" > /dev/null\nif [ $? != 0 ] ; then\n    # print error to STDERR\n    echo \"error: The sandbox is not in sync with the Podfile.lock. Run 'pod install' or update your CocoaPods installation.\" >&2\n    exit 1\nfi\n# This output is used by Xcode 'outputs' to avoid re-running this script phase.\necho \"SUCCESS\" > \"${SCRIPT_OUTPUT_FILE_0}\"\n";
			showEnvVarsInLog = 0;
		};
		EB5B6098D6E8FEA8249EAC12 /* [CP] Embed Pods Frameworks */ = {
			isa = PBXShellScriptBuildPhase;
			buildActionMask = 2147483647;
			files = (
			);
			inputFileListPaths = (
				"${PODS_ROOT}/Target Support Files/Pods-RIBsTest/Pods-RIBsTest-frameworks-${CONFIGURATION}-input-files.xcfilelist",
			);
			name = "[CP] Embed Pods Frameworks";
			outputFileListPaths = (
				"${PODS_ROOT}/Target Support Files/Pods-RIBsTest/Pods-RIBsTest-frameworks-${CONFIGURATION}-output-files.xcfilelist",
			);
			runOnlyForDeploymentPostprocessing = 0;
			shellPath = /bin/sh;
			shellScript = "\"${PODS_ROOT}/Target Support Files/Pods-RIBsTest/Pods-RIBsTest-frameworks.sh\"\n";
			showEnvVarsInLog = 0;
		};
/* End PBXShellScriptBuildPhase section */

/* Begin PBXSourcesBuildPhase section */
		DE11E91E28A63D25006E2775 /* Sources */ = {
			isa = PBXSourcesBuildPhase;
			buildActionMask = 2147483647;
			files = (
				DE11E92528A63D25006E2775 /* RIBsTestTests.swift in Sources */,
			);
			runOnlyForDeploymentPostprocessing = 0;
		};
		DEA6CA8828A1173F00478218 /* Sources */ = {
			isa = PBXSourcesBuildPhase;
			buildActionMask = 2147483647;
			files = (
				DE11E8E628A12358006E2775 /* LoginViewController.swift in Sources */,
				DE11E90C28A28A78006E2775 /* MainItem.swift in Sources */,
				DE11E90728A26547006E2775 /* MainRouter.swift in Sources */,
				DE11E93028A63E69006E2775 /* LoginPresentableMock.swift in Sources */,
				DE11E91728A2986E006E2775 /* InfoInteractor.swift in Sources */,
				DEA6CA9028A1173F00478218 /* AppDelegate.swift in Sources */,
				DE11E8FC28A1367F006E2775 /* RootInteractor.swift in Sources */,
				DE11E91928A38F9E006E2775 /* URLHandler.swift in Sources */,
				DE11E8FE28A13879006E2775 /* WebService.swift in Sources */,
				DE11E92D28A63D7B006E2775 /* MockWebService.swift in Sources */,
				DE11E8FA28A1367F006E2775 /* RootViewController.swift in Sources */,
				DE11E8E728A12358006E2775 /* LoginBuilder.swift in Sources */,
				DE11E90828A26547006E2775 /* MainViewController.swift in Sources */,
				DE11E8F228A12F24006E2775 /* CreateAccountViewController.swift in Sources */,
				DE11E90E28A28B33006E2775 /* MainTableViewCell.swift in Sources */,
				DE11E91D28A392DC006E2775 /* OpenInfoWorkflow.swift in Sources */,
				DE11E93228A63FEB006E2775 /* LoginRoutingMock.swift in Sources */,
				DE11E93428A642E6006E2775 /* LoginListenerMock.swift in Sources */,
				DE11E90A28A26547006E2775 /* MainInteractor.swift in Sources */,
				DE11E8F328A12F24006E2775 /* CreateAccountBuilder.swift in Sources */,
				DE11E8E828A12358006E2775 /* LoginInteractor.swift in Sources */,
				DE11E8F428A12F24006E2775 /* CreateAccountInteractor.swift in Sources */,
				DE11E8EB28A1258F006E2775 /* WebServicing.swift in Sources */,
				DE11E8FB28A1367F006E2775 /* RootBuilder.swift in Sources */,
				DE11E90928A26547006E2775 /* MainBuilder.swift in Sources */,
				DE11E91428A2986E006E2775 /* InfoRouter.swift in Sources */,
				DE11E8F928A1367F006E2775 /* RootRouter.swift in Sources */,
				DE11E8F128A12F24006E2775 /* CreateAccountRouter.swift in Sources */,
				DE11E8E528A12358006E2775 /* LoginRouter.swift in Sources */,
				DE11E91528A2986E006E2775 /* InfoViewController.swift in Sources */,
				DE11E91628A2986E006E2775 /* InfoBuilder.swift in Sources */,
			);
			runOnlyForDeploymentPostprocessing = 0;
		};
/* End PBXSourcesBuildPhase section */

/* Begin PBXTargetDependency section */
		DE11E92728A63D25006E2775 /* PBXTargetDependency */ = {
			isa = PBXTargetDependency;
			target = DEA6CA8B28A1173F00478218 /* RIBsTest */;
			targetProxy = DE11E92628A63D25006E2775 /* PBXContainerItemProxy */;
		};
/* End PBXTargetDependency section */

/* Begin PBXVariantGroup section */
		DEA6CA9528A1173F00478218 /* Main.storyboard */ = {
			isa = PBXVariantGroup;
			children = (
				DEA6CA9628A1173F00478218 /* Base */,
			);
			name = Main.storyboard;
			sourceTree = "<group>";
		};
		DEA6CA9A28A1174200478218 /* LaunchScreen.storyboard */ = {
			isa = PBXVariantGroup;
			children = (
				DEA6CA9B28A1174200478218 /* Base */,
			);
			name = LaunchScreen.storyboard;
			sourceTree = "<group>";
		};
/* End PBXVariantGroup section */

/* Begin XCBuildConfiguration section */
		DE11E92828A63D25006E2775 /* Debug */ = {
			isa = XCBuildConfiguration;
			buildSettings = {
				BUNDLE_LOADER = "$(TEST_HOST)";
				CODE_SIGN_STYLE = Automatic;
				CURRENT_PROJECT_VERSION = 1;
				DEVELOPMENT_TEAM = 6UN4892VFR;
				GENERATE_INFOPLIST_FILE = YES;
				MARKETING_VERSION = 1.0;
				PRODUCT_BUNDLE_IDENTIFIER = com.egm.RIBsTestTests;
				PRODUCT_NAME = "$(TARGET_NAME)";
				SWIFT_EMIT_LOC_STRINGS = NO;
				SWIFT_VERSION = 5.0;
				TARGETED_DEVICE_FAMILY = "1,2";
				TEST_HOST = "$(BUILT_PRODUCTS_DIR)/RIBsTest.app/RIBsTest";
			};
			name = Debug;
		};
		DE11E92928A63D25006E2775 /* Release */ = {
			isa = XCBuildConfiguration;
			buildSettings = {
				BUNDLE_LOADER = "$(TEST_HOST)";
				CODE_SIGN_STYLE = Automatic;
				CURRENT_PROJECT_VERSION = 1;
				DEVELOPMENT_TEAM = 6UN4892VFR;
				GENERATE_INFOPLIST_FILE = YES;
				MARKETING_VERSION = 1.0;
				PRODUCT_BUNDLE_IDENTIFIER = com.egm.RIBsTestTests;
				PRODUCT_NAME = "$(TARGET_NAME)";
				SWIFT_EMIT_LOC_STRINGS = NO;
				SWIFT_VERSION = 5.0;
				TARGETED_DEVICE_FAMILY = "1,2";
				TEST_HOST = "$(BUILT_PRODUCTS_DIR)/RIBsTest.app/RIBsTest";
			};
			name = Release;
		};
		DEA6CA9E28A1174200478218 /* Debug */ = {
			isa = XCBuildConfiguration;
			buildSettings = {
				ALWAYS_SEARCH_USER_PATHS = NO;
				CLANG_ANALYZER_NONNULL = YES;
				CLANG_ANALYZER_NUMBER_OBJECT_CONVERSION = YES_AGGRESSIVE;
				CLANG_CXX_LANGUAGE_STANDARD = "gnu++17";
				CLANG_ENABLE_MODULES = YES;
				CLANG_ENABLE_OBJC_ARC = YES;
				CLANG_ENABLE_OBJC_WEAK = YES;
				CLANG_WARN_BLOCK_CAPTURE_AUTORELEASING = YES;
				CLANG_WARN_BOOL_CONVERSION = YES;
				CLANG_WARN_COMMA = YES;
				CLANG_WARN_CONSTANT_CONVERSION = YES;
				CLANG_WARN_DEPRECATED_OBJC_IMPLEMENTATIONS = YES;
				CLANG_WARN_DIRECT_OBJC_ISA_USAGE = YES_ERROR;
				CLANG_WARN_DOCUMENTATION_COMMENTS = YES;
				CLANG_WARN_EMPTY_BODY = YES;
				CLANG_WARN_ENUM_CONVERSION = YES;
				CLANG_WARN_INFINITE_RECURSION = YES;
				CLANG_WARN_INT_CONVERSION = YES;
				CLANG_WARN_NON_LITERAL_NULL_CONVERSION = YES;
				CLANG_WARN_OBJC_IMPLICIT_RETAIN_SELF = YES;
				CLANG_WARN_OBJC_LITERAL_CONVERSION = YES;
				CLANG_WARN_OBJC_ROOT_CLASS = YES_ERROR;
				CLANG_WARN_QUOTED_INCLUDE_IN_FRAMEWORK_HEADER = YES;
				CLANG_WARN_RANGE_LOOP_ANALYSIS = YES;
				CLANG_WARN_STRICT_PROTOTYPES = YES;
				CLANG_WARN_SUSPICIOUS_MOVE = YES;
				CLANG_WARN_UNGUARDED_AVAILABILITY = YES_AGGRESSIVE;
				CLANG_WARN_UNREACHABLE_CODE = YES;
				CLANG_WARN__DUPLICATE_METHOD_MATCH = YES;
				COPY_PHASE_STRIP = NO;
				DEBUG_INFORMATION_FORMAT = dwarf;
				ENABLE_STRICT_OBJC_MSGSEND = YES;
				ENABLE_TESTABILITY = YES;
				GCC_C_LANGUAGE_STANDARD = gnu11;
				GCC_DYNAMIC_NO_PIC = NO;
				GCC_NO_COMMON_BLOCKS = YES;
				GCC_OPTIMIZATION_LEVEL = 0;
				GCC_PREPROCESSOR_DEFINITIONS = (
					"DEBUG=1",
					"$(inherited)",
				);
				GCC_WARN_64_TO_32_BIT_CONVERSION = YES;
				GCC_WARN_ABOUT_RETURN_TYPE = YES_ERROR;
				GCC_WARN_UNDECLARED_SELECTOR = YES;
				GCC_WARN_UNINITIALIZED_AUTOS = YES_AGGRESSIVE;
				GCC_WARN_UNUSED_FUNCTION = YES;
				GCC_WARN_UNUSED_VARIABLE = YES;
				IPHONEOS_DEPLOYMENT_TARGET = 15.5;
				MTL_ENABLE_DEBUG_INFO = INCLUDE_SOURCE;
				MTL_FAST_MATH = YES;
				ONLY_ACTIVE_ARCH = YES;
				SDKROOT = iphoneos;
				SWIFT_ACTIVE_COMPILATION_CONDITIONS = DEBUG;
				SWIFT_OPTIMIZATION_LEVEL = "-Onone";
			};
			name = Debug;
		};
		DEA6CA9F28A1174200478218 /* Release */ = {
			isa = XCBuildConfiguration;
			buildSettings = {
				ALWAYS_SEARCH_USER_PATHS = NO;
				CLANG_ANALYZER_NONNULL = YES;
				CLANG_ANALYZER_NUMBER_OBJECT_CONVERSION = YES_AGGRESSIVE;
				CLANG_CXX_LANGUAGE_STANDARD = "gnu++17";
				CLANG_ENABLE_MODULES = YES;
				CLANG_ENABLE_OBJC_ARC = YES;
				CLANG_ENABLE_OBJC_WEAK = YES;
				CLANG_WARN_BLOCK_CAPTURE_AUTORELEASING = YES;
				CLANG_WARN_BOOL_CONVERSION = YES;
				CLANG_WARN_COMMA = YES;
				CLANG_WARN_CONSTANT_CONVERSION = YES;
				CLANG_WARN_DEPRECATED_OBJC_IMPLEMENTATIONS = YES;
				CLANG_WARN_DIRECT_OBJC_ISA_USAGE = YES_ERROR;
				CLANG_WARN_DOCUMENTATION_COMMENTS = YES;
				CLANG_WARN_EMPTY_BODY = YES;
				CLANG_WARN_ENUM_CONVERSION = YES;
				CLANG_WARN_INFINITE_RECURSION = YES;
				CLANG_WARN_INT_CONVERSION = YES;
				CLANG_WARN_NON_LITERAL_NULL_CONVERSION = YES;
				CLANG_WARN_OBJC_IMPLICIT_RETAIN_SELF = YES;
				CLANG_WARN_OBJC_LITERAL_CONVERSION = YES;
				CLANG_WARN_OBJC_ROOT_CLASS = YES_ERROR;
				CLANG_WARN_QUOTED_INCLUDE_IN_FRAMEWORK_HEADER = YES;
				CLANG_WARN_RANGE_LOOP_ANALYSIS = YES;
				CLANG_WARN_STRICT_PROTOTYPES = YES;
				CLANG_WARN_SUSPICIOUS_MOVE = YES;
				CLANG_WARN_UNGUARDED_AVAILABILITY = YES_AGGRESSIVE;
				CLANG_WARN_UNREACHABLE_CODE = YES;
				CLANG_WARN__DUPLICATE_METHOD_MATCH = YES;
				COPY_PHASE_STRIP = NO;
				DEBUG_INFORMATION_FORMAT = "dwarf-with-dsym";
				ENABLE_NS_ASSERTIONS = NO;
				ENABLE_STRICT_OBJC_MSGSEND = YES;
				GCC_C_LANGUAGE_STANDARD = gnu11;
				GCC_NO_COMMON_BLOCKS = YES;
				GCC_WARN_64_TO_32_BIT_CONVERSION = YES;
				GCC_WARN_ABOUT_RETURN_TYPE = YES_ERROR;
				GCC_WARN_UNDECLARED_SELECTOR = YES;
				GCC_WARN_UNINITIALIZED_AUTOS = YES_AGGRESSIVE;
				GCC_WARN_UNUSED_FUNCTION = YES;
				GCC_WARN_UNUSED_VARIABLE = YES;
				IPHONEOS_DEPLOYMENT_TARGET = 15.5;
				MTL_ENABLE_DEBUG_INFO = NO;
				MTL_FAST_MATH = YES;
				SDKROOT = iphoneos;
				SWIFT_COMPILATION_MODE = wholemodule;
				SWIFT_OPTIMIZATION_LEVEL = "-O";
				VALIDATE_PRODUCT = YES;
			};
			name = Release;
		};
		DEA6CAA128A1174200478218 /* Debug */ = {
			isa = XCBuildConfiguration;
			baseConfigurationReference = 0D1371A878D75921A339DF10 /* Pods-RIBsTest.debug.xcconfig */;
			buildSettings = {
				ASSETCATALOG_COMPILER_APPICON_NAME = AppIcon;
				ASSETCATALOG_COMPILER_GLOBAL_ACCENT_COLOR_NAME = AccentColor;
				CODE_SIGN_STYLE = Automatic;
				CURRENT_PROJECT_VERSION = 1;
				DEVELOPMENT_TEAM = 6UN4892VFR;
				GENERATE_INFOPLIST_FILE = YES;
				INFOPLIST_FILE = RIBsTest/Info.plist;
				INFOPLIST_KEY_UIApplicationSupportsIndirectInputEvents = YES;
				INFOPLIST_KEY_UILaunchStoryboardName = LaunchScreen;
				INFOPLIST_KEY_UIMainStoryboardFile = "";
				INFOPLIST_KEY_UISupportedInterfaceOrientations_iPad = "UIInterfaceOrientationPortrait UIInterfaceOrientationPortraitUpsideDown UIInterfaceOrientationLandscapeLeft UIInterfaceOrientationLandscapeRight";
				INFOPLIST_KEY_UISupportedInterfaceOrientations_iPhone = "UIInterfaceOrientationPortrait UIInterfaceOrientationLandscapeLeft UIInterfaceOrientationLandscapeRight";
				LD_RUNPATH_SEARCH_PATHS = (
					"$(inherited)",
					"@executable_path/Frameworks",
				);
				MARKETING_VERSION = 1.0;
				PRODUCT_BUNDLE_IDENTIFIER = com.egm.RIBsTest;
				PRODUCT_NAME = "$(TARGET_NAME)";
				SWIFT_EMIT_LOC_STRINGS = YES;
				SWIFT_VERSION = 5.0;
				TARGETED_DEVICE_FAMILY = "1,2";
			};
			name = Debug;
		};
		DEA6CAA228A1174200478218 /* Release */ = {
			isa = XCBuildConfiguration;
			baseConfigurationReference = 186A5A33C5EA5FFE53F61595 /* Pods-RIBsTest.release.xcconfig */;
			buildSettings = {
				ASSETCATALOG_COMPILER_APPICON_NAME = AppIcon;
				ASSETCATALOG_COMPILER_GLOBAL_ACCENT_COLOR_NAME = AccentColor;
				CODE_SIGN_STYLE = Automatic;
				CURRENT_PROJECT_VERSION = 1;
				DEVELOPMENT_TEAM = 6UN4892VFR;
				GENERATE_INFOPLIST_FILE = YES;
				INFOPLIST_FILE = RIBsTest/Info.plist;
				INFOPLIST_KEY_UIApplicationSupportsIndirectInputEvents = YES;
				INFOPLIST_KEY_UILaunchStoryboardName = LaunchScreen;
				INFOPLIST_KEY_UIMainStoryboardFile = "";
				INFOPLIST_KEY_UISupportedInterfaceOrientations_iPad = "UIInterfaceOrientationPortrait UIInterfaceOrientationPortraitUpsideDown UIInterfaceOrientationLandscapeLeft UIInterfaceOrientationLandscapeRight";
				INFOPLIST_KEY_UISupportedInterfaceOrientations_iPhone = "UIInterfaceOrientationPortrait UIInterfaceOrientationLandscapeLeft UIInterfaceOrientationLandscapeRight";
				LD_RUNPATH_SEARCH_PATHS = (
					"$(inherited)",
					"@executable_path/Frameworks",
				);
				MARKETING_VERSION = 1.0;
				PRODUCT_BUNDLE_IDENTIFIER = com.egm.RIBsTest;
				PRODUCT_NAME = "$(TARGET_NAME)";
				SWIFT_EMIT_LOC_STRINGS = YES;
				SWIFT_VERSION = 5.0;
				TARGETED_DEVICE_FAMILY = "1,2";
			};
			name = Release;
		};
/* End XCBuildConfiguration section */

/* Begin XCConfigurationList section */
		DE11E92A28A63D25006E2775 /* Build configuration list for PBXNativeTarget "RIBsTestTests" */ = {
			isa = XCConfigurationList;
			buildConfigurations = (
				DE11E92828A63D25006E2775 /* Debug */,
				DE11E92928A63D25006E2775 /* Release */,
			);
			defaultConfigurationIsVisible = 0;
			defaultConfigurationName = Release;
		};
		DEA6CA8728A1173F00478218 /* Build configuration list for PBXProject "RIBsTest" */ = {
			isa = XCConfigurationList;
			buildConfigurations = (
				DEA6CA9E28A1174200478218 /* Debug */,
				DEA6CA9F28A1174200478218 /* Release */,
			);
			defaultConfigurationIsVisible = 0;
			defaultConfigurationName = Release;
		};
		DEA6CAA028A1174200478218 /* Build configuration list for PBXNativeTarget "RIBsTest" */ = {
			isa = XCConfigurationList;
			buildConfigurations = (
				DEA6CAA128A1174200478218 /* Debug */,
				DEA6CAA228A1174200478218 /* Release */,
			);
			defaultConfigurationIsVisible = 0;
			defaultConfigurationName = Release;
		};
/* End XCConfigurationList section */
	};
	rootObject = DEA6CA8428A1173F00478218 /* Project object */;
}
